
Microsoft Visual Studio Solution File, Format Version 12.00
# Visual Studio Version 17
VisualStudioVersion = 17.1.32228.430
MinimumVisualStudioVersion = 10.0.40219.1
Project("{FAE04EC0-301F-11D3-BF4B-00C04F79EFBC}") = "WorkShop", "WorkShop\WorkShop.csproj", "{A8A1AD45-6D39-4B55-99BC-8CC883D734AA}"
EndProject
Global
	GlobalSection(SolutionConfigurationPlatforms) = preSolution
		Debug|Any CPU = Debug|Any CPU
		Release|Any CPU = Release|Any CPU
	EndGlobalSection
	GlobalSection(ProjectConfigurationPlatforms) = postSolution
		{A8A1AD45-6D39-4B55-99BC-8CC883D734AA}.Debug|Any CPU.ActiveCfg = Debug|Any CPU
		{A8A1AD45-6D39-4B55-99BC-8CC883D734AA}.Debug|Any CPU.Build.0 = Debug|Any CPU
		{A8A1AD45-6D39-4B55-99BC-8CC883D734AA}.Release|Any CPU.ActiveCfg = Release|Any CPU
		{A8A1AD45-6D39-4B55-99BC-8CC883D734AA}.Release|Any CPU.Build.0 = Release|Any CPU
	EndGlobalSection
	GlobalSection(SolutionProperties) = preSolution
		HideSolutionNode = FALSE
	EndGlobalSection
	GlobalSection(ExtensibilityGlobals) = postSolution
		SolutionGuid = {1D60D8AA-9931-4AA7-96F1-BE655B44185C}
	EndGlobalSection
EndGlobal
